{
  "catalogs": {
    "lol-cat-py": {
      "type": "nix",
      "pkgsDir": ".flox/pkgs",
      "catalogsLock": ".flox/nix-builds.lock",
      "hash": "sha256-le3Y9zb7zYuUcaZgkR2HTa2fBlMnMJBxIblwZKK2SFU=",
      "locked": {
        "lastModified": 1774835350,
        "owner": "limeytexan",
        "repo": "lol-cat-py",
        "rev": "48382c1dada6af6b47beb4f386e8e962d50587d9",
        "type": "github"
      },
      "original": {
        "owner": "limeytexan",
        "repo": "lol-cat-py",
        "type": "github"
      },
      "storePath": "/nix/store/b4dmyh2hnhn6rdillmmdsdklrkl3hm4k-source"
    }
  }
}